
Microsoft Visual Studio Solution File, Format Version 12.00
# Visual Studio Version 17
VisualStudioVersion = 17.10.34804.81
MinimumVisualStudioVersion = 10.0.40219.1
Project("{FAE04EC0-301F-11D3-BF4B-00C04F79EFBC}") = "GoodApp", "GoodApp\GoodApp.csproj", "{93231C98-F9A5-429C-A7F9-46D4E4AE95C3}"
EndProject
Global
	GlobalSection(SolutionConfigurationPlatforms) = preSolution
		Debug|Any CPU = Debug|Any CPU
		Release|Any CPU = Release|Any CPU
	EndGlobalSection
	GlobalSection(ProjectConfigurationPlatforms) = postSolution
		{93231C98-F9A5-429C-A7F9-46D4E4AE95C3}.Debug|Any CPU.ActiveCfg = Debug|Any CPU
		{93231C98-F9A5-429C-A7F9-46D4E4AE95C3}.Debug|Any CPU.Build.0 = Debug|Any CPU
		{93231C98-F9A5-429C-A7F9-46D4E4AE95C3}.Release|Any CPU.ActiveCfg = Release|Any CPU
		{93231C98-F9A5-429C-A7F9-46D4E4AE95C3}.Release|Any CPU.Build.0 = Release|Any CPU
	EndGlobalSection
	GlobalSection(SolutionProperties) = preSolution
		HideSolutionNode = FALSE
	EndGlobalSection
	GlobalSection(ExtensibilityGlobals) = postSolution
		SolutionGuid = {480A069B-71AF-4662-9595-054F031DA44A}
	EndGlobalSection
EndGlobal
